
Microsoft Visual Studio Solution File, Format Version 12.00
# Visual Studio Version 17
VisualStudioVersion = 17.4.33110.190
MinimumVisualStudioVersion = 10.0.40219.1
Project("{FAE04EC0-301F-11D3-BF4B-00C04F79EFBC}") = "FinalProject", "FinalProject.csproj", "{5F081AD0-730C-4878-B47B-14ACA0E5C7A3}"
EndProject
Global
	GlobalSection(SolutionConfigurationPlatforms) = preSolution
		Debug|Any CPU = Debug|Any CPU
		Release|Any CPU = Release|Any CPU
	EndGlobalSection
	GlobalSection(ProjectConfigurationPlatforms) = postSolution
		{5F081AD0-730C-4878-B47B-14ACA0E5C7A3}.Debug|Any CPU.ActiveCfg = Debug|Any CPU
		{5F081AD0-730C-4878-B47B-14ACA0E5C7A3}.Debug|Any CPU.Build.0 = Debug|Any CPU
		{5F081AD0-730C-4878-B47B-14ACA0E5C7A3}.Release|Any CPU.ActiveCfg = Release|Any CPU
		{5F081AD0-730C-4878-B47B-14ACA0E5C7A3}.Release|Any CPU.Build.0 = Release|Any CPU
	EndGlobalSection
	GlobalSection(SolutionProperties) = preSolution
		HideSolutionNode = FALSE
	EndGlobalSection
	GlobalSection(ExtensibilityGlobals) = postSolution
		SolutionGuid = {8B9B55E1-D397-4BBA-9C4F-1EB518AA9B3E}
	EndGlobalSection
EndGlobal
